{
  "nodes": {
    "home-manager": {
      "inputs": {
        "nixpkgs": [
          "nixpkgs"
        ]
      },
      "locked": {
        "lastModified": 1709677162,
        "narHash": "sha256-nIXa0KM3FOVjD3XDDigW12qktQvLG+uKuPg00rjIX/8=",
        "owner": "nix-community",
        "repo": "home-manager",
        "rev": "bdea159ffab9865f808b8d92fd2bef33521867b2",
        "type": "github"
      },
      "original": {
        "owner": "nix-community",
        "repo": "home-manager",
        "type": "github"
      }
    },
    "nixpkgs": {
      "locked": {
        "lastModified": 1711703276,
        "narHash": "sha256-P3rID/C2N9+emVlCr4ta0X591usRvFxqk1wON/2j+Dg",
        "owner": "NixOS",
        "repo": "nixpkgs",
        "rev": "f72123158996b8d4449de481897d855bc47c7bf6",
        "type": "github"
      },
      "original": {
        "owner": "NixOS",
        "ref": "nixos-unstable",
        "repo": "nixpkgs",
        "type": "github"
      }
    },
    "nixpkgs-stable": {
      "locked": {
        "lastModified": 1711460390,
        "narHash": "sha256-akSgjDZL6pVHEfSE6sz1DNSXuYX6hq+P/1Z5IoYWs7E=",
        "owner": "NixOS",
        "repo": "nixpkgs",
        "rev": "44733514b72e732bd49f5511bd0203dea9b9a434",
        "type": "github"
      },
      "original": {
        "owner": "NixOS",
        "ref": "nixos-23.11",
        "repo": "nixpkgs",
        "type": "github"
      }
    },
    "root": {
      "inputs": {
        "home-manager": "home-manager",
        "nixpkgs": "nixpkgs",
        "nixpkgs-stable": "nixpkgs-stable"
      }
    }
  },
  "root": "root",
  "version": 7
}
