{
  "nodes": {
    "home-manager": {
      "inputs": {
        "nixpkgs": [
          "nixpkgs"
        ]
      },
      "locked": {
        "lastModified": 1713992342,
        "narHash": "sha256-bW7K4WPo6jhYMo4ZUGoJfog6xJV0XZh8adXqZKunRoc=",
        "owner": "nix-community",
        "repo": "home-manager",
        "rev": "2f072c127c041eec36621b8e38a531fe0fe07961",
        "type": "github"
      },
      "original": {
        "owner": "nix-community",
        "repo": "home-manager",
        "type": "github"
      }
    },
    "nixpkgs": {
      "locked": {
        "lastModified": 1715055278,
        "narHash": "sha256-nluyASjwNuaDUW5CX3Mo1X0DGDzhE6Mip/ExvRsbeFs=",
        "owner": "NixOS",
        "repo": "nixpkgs",
        "rev": "9fb582619d1397a8cb64cfe28896a064fa1b33cb",
        "type": "github"
      },
      "original": {
        "owner": "NixOS",
        "ref": "nixos-unstable-small",
        "repo": "nixpkgs",
        "type": "github"
      }
    },
    "root": {
      "inputs": {
        "home-manager": "home-manager",
        "nixpkgs": "nixpkgs"
      }
    }
  },
  "root": "root",
  "version": 7
}
